
Microsoft Visual Studio Solution File, Format Version 11.00
# Visual Studio 2010
Project("{8BC9CEB8-8B4A-11D0-8D11-00A0C91BC942}") = "SIT251-Assignment1-900216058", "SIT251-Assignment1-900216058.vcxproj", "{8C0DDED2-EFA8-40B0-A270-B0F9206D6907}"
EndProject
Global
	GlobalSection(SolutionConfigurationPlatforms) = preSolution
		Debug|Win32 = Debug|Win32
		Release|Win32 = Release|Win32
	EndGlobalSection
	GlobalSection(ProjectConfigurationPlatforms) = postSolution
		{8C0DDED2-EFA8-40B0-A270-B0F9206D6907}.Debug|Win32.ActiveCfg = Debug|Win32
		{8C0DDED2-EFA8-40B0-A270-B0F9206D6907}.Debug|Win32.Build.0 = Debug|Win32
		{8C0DDED2-EFA8-40B0-A270-B0F9206D6907}.Release|Win32.ActiveCfg = Release|Win32
		{8C0DDED2-EFA8-40B0-A270-B0F9206D6907}.Release|Win32.Build.0 = Release|Win32
	EndGlobalSection
	GlobalSection(SolutionProperties) = preSolution
		HideSolutionNode = FALSE
	EndGlobalSection
EndGlobal
